// !$*UTF8*$!
{
	archiveVersion = 1;
	classes = {
	};
	objectVersion = 48;
	objects = {

/* Begin PBXBuildFile section */
		5E93D314A00ECD4EC6859124 /* Pods_PixelCity.framework in Frameworks */ = {isa = PBXBuildFile; fileRef = DAAB17EFF37A19FD911BF3E1 /* Pods_PixelCity.framework */; };
		912907591F70543E0081FD25 /* DroppablePin.swift in Sources */ = {isa = PBXBuildFile; fileRef = 912907581F70543E0081FD25 /* DroppablePin.swift */; };
		914FB9971F6FD58C00FA729E /* AppDelegate.swift in Sources */ = {isa = PBXBuildFile; fileRef = 914FB9961F6FD58C00FA729E /* AppDelegate.swift */; };
		914FB9991F6FD58C00FA729E /* MapVC.swift in Sources */ = {isa = PBXBuildFile; fileRef = 914FB9981F6FD58C00FA729E /* MapVC.swift */; };
		914FB99C1F6FD58C00FA729E /* Main.storyboard in Resources */ = {isa = PBXBuildFile; fileRef = 914FB99A1F6FD58C00FA729E /* Main.storyboard */; };
		914FB99E1F6FD58C00FA729E /* Assets.xcassets in Resources */ = {isa = PBXBuildFile; fileRef = 914FB99D1F6FD58C00FA729E /* Assets.xcassets */; };
		914FB9A11F6FD58C00FA729E /* LaunchScreen.storyboard in Resources */ = {isa = PBXBuildFile; fileRef = 914FB99F1F6FD58C00FA729E /* LaunchScreen.storyboard */; };
/* End PBXBuildFile section */

/* Begin PBXFileReference section */
		0639DBBCAC683AF57192E3BD /* Pods-PixelCity.release.xcconfig */ = {isa = PBXFileReference; includeInIndex = 1; lastKnownFileType = text.xcconfig; name = "Pods-PixelCity.release.xcconfig"; path = "Pods/Target Support Files/Pods-PixelCity/Pods-PixelCity.release.xcconfig"; sourceTree = "<group>"; };
		912907581F70543E0081FD25 /* DroppablePin.swift */ = {isa = PBXFileReference; lastKnownFileType = sourcecode.swift; path = DroppablePin.swift; sourceTree = "<group>"; };
		914FB9931F6FD58C00FA729E /* PixelCity.app */ = {isa = PBXFileReference; explicitFileType = wrapper.application; includeInIndex = 0; path = PixelCity.app; sourceTree = BUILT_PRODUCTS_DIR; };
		914FB9961F6FD58C00FA729E /* AppDelegate.swift */ = {isa = PBXFileReference; lastKnownFileType = sourcecode.swift; path = AppDelegate.swift; sourceTree = "<group>"; };
		914FB9981F6FD58C00FA729E /* MapVC.swift */ = {isa = PBXFileReference; lastKnownFileType = sourcecode.swift; path = MapVC.swift; sourceTree = "<group>"; };
		914FB99B1F6FD58C00FA729E /* Base */ = {isa = PBXFileReference; lastKnownFileType = file.storyboard; name = Base; path = Base.lproj/Main.storyboard; sourceTree = "<group>"; };
		914FB99D1F6FD58C00FA729E /* Assets.xcassets */ = {isa = PBXFileReference; lastKnownFileType = folder.assetcatalog; path = Assets.xcassets; sourceTree = "<group>"; };
		914FB9A01F6FD58C00FA729E /* Base */ = {isa = PBXFileReference; lastKnownFileType = file.storyboard; name = Base; path = Base.lproj/LaunchScreen.storyboard; sourceTree = "<group>"; };
		914FB9A21F6FD58C00FA729E /* Info.plist */ = {isa = PBXFileReference; lastKnownFileType = text.plist.xml; path = Info.plist; sourceTree = "<group>"; };
		DAAB17EFF37A19FD911BF3E1 /* Pods_PixelCity.framework */ = {isa = PBXFileReference; explicitFileType = wrapper.framework; includeInIndex = 0; path = Pods_PixelCity.framework; sourceTree = BUILT_PRODUCTS_DIR; };
		FA44CF3A09E39B1FACE2BA90 /* Pods-PixelCity.debug.xcconfig */ = {isa = PBXFileReference; includeInIndex = 1; lastKnownFileType = text.xcconfig; name = "Pods-PixelCity.debug.xcconfig"; path = "Pods/Target Support Files/Pods-PixelCity/Pods-PixelCity.debug.xcconfig"; sourceTree = "<group>"; };
/* End PBXFileReference section */

/* Begin PBXFrameworksBuildPhase section */
		914FB9901F6FD58C00FA729E /* Frameworks */ = {
			isa = PBXFrameworksBuildPhase;
			buildActionMask = 2147483647;
			files = (
				5E93D314A00ECD4EC6859124 /* Pods_PixelCity.framework in Frameworks */,
			);
			runOnlyForDeploymentPostprocessing = 0;
		};
/* End PBXFrameworksBuildPhase section */

/* Begin PBXGroup section */
		6C922508D76618B8E9D0681A /* Frameworks */ = {
			isa = PBXGroup;
			children = (
				DAAB17EFF37A19FD911BF3E1 /* Pods_PixelCity.framework */,
			);
			name = Frameworks;
			sourceTree = "<group>";
		};
		914FB98A1F6FD58C00FA729E = {
			isa = PBXGroup;
			children = (
				914FB9951F6FD58C00FA729E /* PixelCity */,
				914FB9941F6FD58C00FA729E /* Products */,
				92FF797070ACBF29337A14EF /* Pods */,
				6C922508D76618B8E9D0681A /* Frameworks */,
			);
			sourceTree = "<group>";
		};
		914FB9941F6FD58C00FA729E /* Products */ = {
			isa = PBXGroup;
			children = (
				914FB9931F6FD58C00FA729E /* PixelCity.app */,
			);
			name = Products;
			sourceTree = "<group>";
		};
		914FB9951F6FD58C00FA729E /* PixelCity */ = {
			isa = PBXGroup;
			children = (
				914FB9AB1F6FD5DC00FA729E /* Utilities */,
				914FB9AA1F6FD5D800FA729E /* Extensions */,
				914FB9A91F6FD5D300FA729E /* View */,
				914FB9A81F6FD5CC00FA729E /* Controller */,
				914FB9961F6FD58C00FA729E /* AppDelegate.swift */,
				914FB99A1F6FD58C00FA729E /* Main.storyboard */,
				914FB99D1F6FD58C00FA729E /* Assets.xcassets */,
				914FB99F1F6FD58C00FA729E /* LaunchScreen.storyboard */,
				914FB9A21F6FD58C00FA729E /* Info.plist */,
			);
			path = PixelCity;
			sourceTree = "<group>";
		};
		914FB9A81F6FD5CC00FA729E /* Controller */ = {
			isa = PBXGroup;
			children = (
				914FB9981F6FD58C00FA729E /* MapVC.swift */,
			);
			path = Controller;
			sourceTree = "<group>";
		};
		914FB9A91F6FD5D300FA729E /* View */ = {
			isa = PBXGroup;
			children = (
				912907581F70543E0081FD25 /* DroppablePin.swift */,
			);
			path = View;
			sourceTree = "<group>";
		};
		914FB9AA1F6FD5D800FA729E /* Extensions */ = {
			isa = PBXGroup;
			children = (
			);
			path = Extensions;
			sourceTree = "<group>";
		};
		914FB9AB1F6FD5DC00FA729E /* Utilities */ = {
			isa = PBXGroup;
			children = (
			);
			path = Utilities;
			sourceTree = "<group>";
		};
		92FF797070ACBF29337A14EF /* Pods */ = {
			isa = PBXGroup;
			children = (
				FA44CF3A09E39B1FACE2BA90 /* Pods-PixelCity.debug.xcconfig */,
				0639DBBCAC683AF57192E3BD /* Pods-PixelCity.release.xcconfig */,
			);
			name = Pods;
			sourceTree = "<group>";
		};
/* End PBXGroup section */

/* Begin PBXNativeTarget section */
		914FB9921F6FD58C00FA729E /* PixelCity */ = {
			isa = PBXNativeTarget;
			buildConfigurationList = 914FB9A51F6FD58C00FA729E /* Build configuration list for PBXNativeTarget "PixelCity" */;
			buildPhases = (
				11D8291112E3F2362C2B4033 /* [CP] Check Pods Manifest.lock */,
				914FB98F1F6FD58C00FA729E /* Sources */,
				914FB9901F6FD58C00FA729E /* Frameworks */,
				914FB9911F6FD58C00FA729E /* Resources */,
				803C98FC9389C43A6B63995F /* [CP] Embed Pods Frameworks */,
				EF7B9292FC1BD9B4918AF858 /* [CP] Copy Pods Resources */,
			);
			buildRules = (
			);
			dependencies = (
			);
			name = PixelCity;
			productName = PixelCity;
			productReference = 914FB9931F6FD58C00FA729E /* PixelCity.app */;
			productType = "com.apple.product-type.application";
		};
/* End PBXNativeTarget section */

/* Begin PBXProject section */
		914FB98B1F6FD58C00FA729E /* Project object */ = {
			isa = PBXProject;
			attributes = {
				LastSwiftUpdateCheck = 0900;
				LastUpgradeCheck = 0900;
				ORGANIZATIONNAME = "Stanley Pan";
				TargetAttributes = {
					914FB9921F6FD58C00FA729E = {
						CreatedOnToolsVersion = 9.0;
						ProvisioningStyle = Automatic;
					};
				};
			};
			buildConfigurationList = 914FB98E1F6FD58C00FA729E /* Build configuration list for PBXProject "PixelCity" */;
			compatibilityVersion = "Xcode 8.0";
			developmentRegion = en;
			hasScannedForEncodings = 0;
			knownRegions = (
				en,
				Base,
			);
			mainGroup = 914FB98A1F6FD58C00FA729E;
			productRefGroup = 914FB9941F6FD58C00FA729E /* Products */;
			projectDirPath = "";
			projectRoot = "";
			targets = (
				914FB9921F6FD58C00FA729E /* PixelCity */,
			);
		};
/* End PBXProject section */

/* Begin PBXResourcesBuildPhase section */
		914FB9911F6FD58C00FA729E /* Resources */ = {
			isa = PBXResourcesBuildPhase;
			buildActionMask = 2147483647;
			files = (
				914FB9A11F6FD58C00FA729E /* LaunchScreen.storyboard in Resources */,
				914FB99E1F6FD58C00FA729E /* Assets.xcassets in Resources */,
				914FB99C1F6FD58C00FA729E /* Main.storyboard in Resources */,
			);
			runOnlyForDeploymentPostprocessing = 0;
		};
/* End PBXResourcesBuildPhase section */

/* Begin PBXShellScriptBuildPhase section */
		11D8291112E3F2362C2B4033 /* [CP] Check Pods Manifest.lock */ = {
			isa = PBXShellScriptBuildPhase;
			buildActionMask = 2147483647;
			files = (
			);
			inputPaths = (
			);
			name = "[CP] Check Pods Manifest.lock";
			outputPaths = (
			);
			runOnlyForDeploymentPostprocessing = 0;
			shellPath = /bin/sh;
			shellScript = "diff \"${PODS_ROOT}/../Podfile.lock\" \"${PODS_ROOT}/Manifest.lock\" > /dev/null\nif [ $? != 0 ] ; then\n    # print error to STDERR\n    echo \"error: The sandbox is not in sync with the Podfile.lock. Run 'pod install' or update your CocoaPods installation.\" >&2\n    exit 1\nfi\n";
			showEnvVarsInLog = 0;
		};
		803C98FC9389C43A6B63995F /* [CP] Embed Pods Frameworks */ = {
			isa = PBXShellScriptBuildPhase;
			buildActionMask = 2147483647;
			files = (
			);
			inputPaths = (
			);
			name = "[CP] Embed Pods Frameworks";
			outputPaths = (
			);
			runOnlyForDeploymentPostprocessing = 0;
			shellPath = /bin/sh;
			shellScript = "\"${SRCROOT}/Pods/Target Support Files/Pods-PixelCity/Pods-PixelCity-frameworks.sh\"\n";
			showEnvVarsInLog = 0;
		};
		EF7B9292FC1BD9B4918AF858 /* [CP] Copy Pods Resources */ = {
			isa = PBXShellScriptBuildPhase;
			buildActionMask = 2147483647;
			files = (
			);
			inputPaths = (
			);
			name = "[CP] Copy Pods Resources";
			outputPaths = (
			);
			runOnlyForDeploymentPostprocessing = 0;
			shellPath = /bin/sh;
			shellScript = "\"${SRCROOT}/Pods/Target Support Files/Pods-PixelCity/Pods-PixelCity-resources.sh\"\n";
			showEnvVarsInLog = 0;
		};
/* End PBXShellScriptBuildPhase section */

/* Begin PBXSourcesBuildPhase section */
		914FB98F1F6FD58C00FA729E /* Sources */ = {
			isa = PBXSourcesBuildPhase;
			buildActionMask = 2147483647;
			files = (
				914FB9991F6FD58C00FA729E /* MapVC.swift in Sources */,
				912907591F70543E0081FD25 /* DroppablePin.swift in Sources */,
				914FB9971F6FD58C00FA729E /* AppDelegate.swift in Sources */,
			);
			runOnlyForDeploymentPostprocessing = 0;
		};
/* End PBXSourcesBuildPhase section */

/* Begin PBXVariantGroup section */
		914FB99A1F6FD58C00FA729E /* Main.storyboard */ = {
			isa = PBXVariantGroup;
			children = (
				914FB99B1F6FD58C00FA729E /* Base */,
			);
			name = Main.storyboard;
			sourceTree = "<group>";
		};
		914FB99F1F6FD58C00FA729E /* LaunchScreen.storyboard */ = {
			isa = PBXVariantGroup;
			children = (
				914FB9A01F6FD58C00FA729E /* Base */,
			);
			name = LaunchScreen.storyboard;
			sourceTree = "<group>";
		};
/* End PBXVariantGroup section */

/* Begin XCBuildConfiguration section */
		914FB9A31F6FD58C00FA729E /* Debug */ = {
			isa = XCBuildConfiguration;
			buildSettings = {
				ALWAYS_SEARCH_USER_PATHS = NO;
				CLANG_ANALYZER_NONNULL = YES;
				CLANG_ANALYZER_NUMBER_OBJECT_CONVERSION = YES_AGGRESSIVE;
				CLANG_CXX_LANGUAGE_STANDARD = "gnu++14";
				CLANG_CXX_LIBRARY = "libc++";
				CLANG_ENABLE_MODULES = YES;
				CLANG_ENABLE_OBJC_ARC = YES;
				CLANG_WARN_BLOCK_CAPTURE_AUTORELEASING = YES;
				CLANG_WARN_BOOL_CONVERSION = YES;
				CLANG_WARN_COMMA = YES;
				CLANG_WARN_CONSTANT_CONVERSION = YES;
				CLANG_WARN_DIRECT_OBJC_ISA_USAGE = YES_ERROR;
				CLANG_WARN_DOCUMENTATION_COMMENTS = YES;
				CLANG_WARN_EMPTY_BODY = YES;
				CLANG_WARN_ENUM_CONVERSION = YES;
				CLANG_WARN_INFINITE_RECURSION = YES;
				CLANG_WARN_INT_CONVERSION = YES;
				CLANG_WARN_NON_LITERAL_NULL_CONVERSION = YES;
				CLANG_WARN_OBJC_LITERAL_CONVERSION = YES;
				CLANG_WARN_OBJC_ROOT_CLASS = YES_ERROR;
				CLANG_WARN_RANGE_LOOP_ANALYSIS = YES;
				CLANG_WARN_STRICT_PROTOTYPES = YES;
				CLANG_WARN_SUSPICIOUS_MOVE = YES;
				CLANG_WARN_UNGUARDED_AVAILABILITY = YES_AGGRESSIVE;
				CLANG_WARN_UNREACHABLE_CODE = YES;
				CLANG_WARN__DUPLICATE_METHOD_MATCH = YES;
				CODE_SIGN_IDENTITY = "iPhone Developer";
				COPY_PHASE_STRIP = NO;
				DEBUG_INFORMATION_FORMAT = dwarf;
				ENABLE_STRICT_OBJC_MSGSEND = YES;
				ENABLE_TESTABILITY = YES;
				GCC_C_LANGUAGE_STANDARD = gnu11;
				GCC_DYNAMIC_NO_PIC = NO;
				GCC_NO_COMMON_BLOCKS = YES;
				GCC_OPTIMIZATION_LEVEL = 0;
				GCC_PREPROCESSOR_DEFINITIONS = (
					"DEBUG=1",
					"$(inherited)",
				);
				GCC_WARN_64_TO_32_BIT_CONVERSION = YES;
				GCC_WARN_ABOUT_RETURN_TYPE = YES_ERROR;
				GCC_WARN_UNDECLARED_SELECTOR = YES;
				GCC_WARN_UNINITIALIZED_AUTOS = YES_AGGRESSIVE;
				GCC_WARN_UNUSED_FUNCTION = YES;
				GCC_WARN_UNUSED_VARIABLE = YES;
				IPHONEOS_DEPLOYMENT_TARGET = 11.0;
				MTL_ENABLE_DEBUG_INFO = YES;
				ONLY_ACTIVE_ARCH = YES;
				SDKROOT = iphoneos;
				SWIFT_ACTIVE_COMPILATION_CONDITIONS = DEBUG;
				SWIFT_OPTIMIZATION_LEVEL = "-Onone";
			};
			name = Debug;
		};
		914FB9A41F6FD58C00FA729E /* Release */ = {
			isa = XCBuildConfiguration;
			buildSettings = {
				ALWAYS_SEARCH_USER_PATHS = NO;
				CLANG_ANALYZER_NONNULL = YES;
				CLANG_ANALYZER_NUMBER_OBJECT_CONVERSION = YES_AGGRESSIVE;
				CLANG_CXX_LANGUAGE_STANDARD = "gnu++14";
				CLANG_CXX_LIBRARY = "libc++";
				CLANG_ENABLE_MODULES = YES;
				CLANG_ENABLE_OBJC_ARC = YES;
				CLANG_WARN_BLOCK_CAPTURE_AUTORELEASING = YES;
				CLANG_WARN_BOOL_CONVERSION = YES;
				CLANG_WARN_COMMA = YES;
				CLANG_WARN_CONSTANT_CONVERSION = YES;
				CLANG_WARN_DIRECT_OBJC_ISA_USAGE = YES_ERROR;
				CLANG_WARN_DOCUMENTATION_COMMENTS = YES;
				CLANG_WARN_EMPTY_BODY = YES;
				CLANG_WARN_ENUM_CONVERSION = YES;
				CLANG_WARN_INFINITE_RECURSION = YES;
				CLANG_WARN_INT_CONVERSION = YES;
				CLANG_WARN_NON_LITERAL_NULL_CONVERSION = YES;
				CLANG_WARN_OBJC_LITERAL_CONVERSION = YES;
				CLANG_WARN_OBJC_ROOT_CLASS = YES_ERROR;
				CLANG_WARN_RANGE_LOOP_ANALYSIS = YES;
				CLANG_WARN_STRICT_PROTOTYPES = YES;
				CLANG_WARN_SUSPICIOUS_MOVE = YES;
				CLANG_WARN_UNGUARDED_AVAILABILITY = YES_AGGRESSIVE;
				CLANG_WARN_UNREACHABLE_CODE = YES;
				CLANG_WARN__DUPLICATE_METHOD_MATCH = YES;
				CODE_SIGN_IDENTITY = "iPhone Developer";
				COPY_PHASE_STRIP = NO;
				DEBUG_INFORMATION_FORMAT = "dwarf-with-dsym";
				ENABLE_NS_ASSERTIONS = NO;
				ENABLE_STRICT_OBJC_MSGSEND = YES;
				GCC_C_LANGUAGE_STANDARD = gnu11;
				GCC_NO_COMMON_BLOCKS = YES;
				GCC_WARN_64_TO_32_BIT_CONVERSION = YES;
				GCC_WARN_ABOUT_RETURN_TYPE = YES_ERROR;
				GCC_WARN_UNDECLARED_SELECTOR = YES;
				GCC_WARN_UNINITIALIZED_AUTOS = YES_AGGRESSIVE;
				GCC_WARN_UNUSED_FUNCTION = YES;
				GCC_WARN_UNUSED_VARIABLE = YES;
				IPHONEOS_DEPLOYMENT_TARGET = 11.0;
				MTL_ENABLE_DEBUG_INFO = NO;
				SDKROOT = iphoneos;
				SWIFT_OPTIMIZATION_LEVEL = "-Owholemodule";
				VALIDATE_PRODUCT = YES;
			};
			name = Release;
		};
		914FB9A61F6FD58C00FA729E /* Debug */ = {
			isa = XCBuildConfiguration;
			baseConfigurationReference = FA44CF3A09E39B1FACE2BA90 /* Pods-PixelCity.debug.xcconfig */;
			buildSettings = {
				ASSETCATALOG_COMPILER_APPICON_NAME = AppIcon;
				CODE_SIGN_STYLE = Automatic;
				DEVELOPMENT_TEAM = P48JT8XFF3;
				INFOPLIST_FILE = PixelCity/Info.plist;
				LD_RUNPATH_SEARCH_PATHS = "$(inherited) @executable_path/Frameworks";
				PRODUCT_BUNDLE_IDENTIFIER = com.stanleypan.PixelCity;
				PRODUCT_NAME = "$(TARGET_NAME)";
				SWIFT_VERSION = 4.0;
				TARGETED_DEVICE_FAMILY = "1,2";
			};
			name = Debug;
		};
		914FB9A71F6FD58C00FA729E /* Release */ = {
			isa = XCBuildConfiguration;
			baseConfigurationReference = 0639DBBCAC683AF57192E3BD /* Pods-PixelCity.release.xcconfig */;
			buildSettings = {
				ASSETCATALOG_COMPILER_APPICON_NAME = AppIcon;
				CODE_SIGN_STYLE = Automatic;
				DEVELOPMENT_TEAM = P48JT8XFF3;
				INFOPLIST_FILE = PixelCity/Info.plist;
				LD_RUNPATH_SEARCH_PATHS = "$(inherited) @executable_path/Frameworks";
				PRODUCT_BUNDLE_IDENTIFIER = com.stanleypan.PixelCity;
				PRODUCT_NAME = "$(TARGET_NAME)";
				SWIFT_VERSION = 4.0;
				TARGETED_DEVICE_FAMILY = "1,2";
			};
			name = Release;
		};
/* End XCBuildConfiguration section */

/* Begin XCConfigurationList section */
		914FB98E1F6FD58C00FA729E /* Build configuration list for PBXProject "PixelCity" */ = {
			isa = XCConfigurationList;
			buildConfigurations = (
				914FB9A31F6FD58C00FA729E /* Debug */,
				914FB9A41F6FD58C00FA729E /* Release */,
			);
			defaultConfigurationIsVisible = 0;
			defaultConfigurationName = Release;
		};
		914FB9A51F6FD58C00FA729E /* Build configuration list for PBXNativeTarget "PixelCity" */ = {
			isa = XCConfigurationList;
			buildConfigurations = (
				914FB9A61F6FD58C00FA729E /* Debug */,
				914FB9A71F6FD58C00FA729E /* Release */,
			);
			defaultConfigurationIsVisible = 0;
			defaultConfigurationName = Release;
		};
/* End XCConfigurationList section */
	};
	rootObject = 914FB98B1F6FD58C00FA729E /* Project object */;
}
